
Microsoft Visual Studio Solution File, Format Version 12.00
# Visual Studio Version 17
VisualStudioVersion = 17.12.35521.163
MinimumVisualStudioVersion = 10.0.40219.1
Project("{FAE04EC0-301F-11D3-BF4B-00C04F79EFBC}") = "Tyuiu.SizikovSS.Sprint2.Task0.V23", "Tyuiu.SizikovSS.Sprint2.Task0.V23\Tyuiu.SizikovSS.Sprint2.Task0.V23.csproj", "{6B311B6B-C618-42F7-9897-3BA2C9B8D1D4}"
EndProject
Project("{FAE04EC0-301F-11D3-BF4B-00C04F79EFBC}") = "Tyuiu.SizikovSS.Sprint2.Task0.V23.Lib", "Tyuiu.SizikovSS.Sprint2.Task0.V23.Lib\Tyuiu.SizikovSS.Sprint2.Task0.V23.Lib.csproj", "{0DECFD98-9962-4C53-B01F-AA6C466AE0B9}"
EndProject
Project("{2150E333-8FDC-42A3-9474-1A3956D46DE8}") = "Task0", "Task0", "{3E411603-A264-453D-BF52-BFDFD20A351D}"
EndProject
Project("{FAE04EC0-301F-11D3-BF4B-00C04F79EFBC}") = "Tyuiu.SizikovSS.Sprint2.Task0.V23.Test", "Tyuiu.SizikovSS.Sprint2.Task0.V23.Test\Tyuiu.SizikovSS.Sprint2.Task0.V23.Test.csproj", "{5C6AB5EE-D141-4E37-A61F-0433491D5DE3}"
EndProject
Project("{2150E333-8FDC-42A3-9474-1A3956D46DE8}") = "Task1", "Task1", "{808CAA1F-F22A-4F78-9FC2-0EFD6DCD5768}"
EndProject
Project("{FAE04EC0-301F-11D3-BF4B-00C04F79EFBC}") = "Tyuiu.SizikovSS.Sprint2.Task1.V20", "Tyuiu.SizikovSS.Sprint2.Task1.V20\Tyuiu.SizikovSS.Sprint2.Task1.V20.csproj", "{38BF700D-B314-435D-AC2F-1123366EF35D}"
EndProject
Project("{FAE04EC0-301F-11D3-BF4B-00C04F79EFBC}") = "Tyuiu.SizikovSS.Sprint2.Task1.V20.Lib", "Tyuiu.SizikovSS.Sprint2.Task1.V20.Lib\Tyuiu.SizikovSS.Sprint2.Task1.V20.Lib.csproj", "{3826419C-652D-46EF-9221-EEFAB3BC6E48}"
EndProject
Project("{FAE04EC0-301F-11D3-BF4B-00C04F79EFBC}") = "Tyuiu.SizikovSS.Sprint2.Task1.V20.Test", "Tyuiu.SizikovSS.Sprint2.Task1.V20.Test\Tyuiu.SizikovSS.Sprint2.Task1.V20.Test.csproj", "{EE544CF2-2F23-4E1E-930A-6F2DCEC368A3}"
EndProject
Project("{2150E333-8FDC-42A3-9474-1A3956D46DE8}") = "Task2", "Task2", "{94985B5A-50AE-4881-B70C-03FF25F0C35C}"
EndProject
Project("{FAE04EC0-301F-11D3-BF4B-00C04F79EFBC}") = "Tyuiu.SizikovSS.Sprint2.Task2.V24", "Tyuiu.SizikovSS.Sprint2.Task2.V24\Tyuiu.SizikovSS.Sprint2.Task2.V24.csproj", "{81058F1F-4F59-43E7-BA58-CABDF7BA2BA7}"
EndProject
Project("{FAE04EC0-301F-11D3-BF4B-00C04F79EFBC}") = "Tyuiu.SizikovSS.Sprint2.Task2.V24.Lib", "Tyuiu.SizikovSS.Sprint2.Task2.V24.Lib\Tyuiu.SizikovSS.Sprint2.Task2.V24.Lib.csproj", "{6B248B88-038A-41BD-9680-931552DD2450}"
EndProject
Project("{FAE04EC0-301F-11D3-BF4B-00C04F79EFBC}") = "Tyuiu.SizikovSS.Sprint2.Task2.V24.Test", "Tyuiu.SizikovSS.Sprint2.Task2.V24.Test\Tyuiu.SizikovSS.Sprint2.Task2.V24.Test.csproj", "{C64260A8-2583-45EB-B51C-6761912D48D3}"
EndProject
Global
	GlobalSection(SolutionConfigurationPlatforms) = preSolution
		Debug|Any CPU = Debug|Any CPU
		Release|Any CPU = Release|Any CPU
	EndGlobalSection
	GlobalSection(ProjectConfigurationPlatforms) = postSolution
		{6B311B6B-C618-42F7-9897-3BA2C9B8D1D4}.Debug|Any CPU.ActiveCfg = Debug|Any CPU
		{6B311B6B-C618-42F7-9897-3BA2C9B8D1D4}.Debug|Any CPU.Build.0 = Debug|Any CPU
		{6B311B6B-C618-42F7-9897-3BA2C9B8D1D4}.Release|Any CPU.ActiveCfg = Release|Any CPU
		{6B311B6B-C618-42F7-9897-3BA2C9B8D1D4}.Release|Any CPU.Build.0 = Release|Any CPU
		{0DECFD98-9962-4C53-B01F-AA6C466AE0B9}.Debug|Any CPU.ActiveCfg = Debug|Any CPU
		{0DECFD98-9962-4C53-B01F-AA6C466AE0B9}.Debug|Any CPU.Build.0 = Debug|Any CPU
		{0DECFD98-9962-4C53-B01F-AA6C466AE0B9}.Release|Any CPU.ActiveCfg = Release|Any CPU
		{0DECFD98-9962-4C53-B01F-AA6C466AE0B9}.Release|Any CPU.Build.0 = Release|Any CPU
		{5C6AB5EE-D141-4E37-A61F-0433491D5DE3}.Debug|Any CPU.ActiveCfg = Debug|Any CPU
		{5C6AB5EE-D141-4E37-A61F-0433491D5DE3}.Debug|Any CPU.Build.0 = Debug|Any CPU
		{5C6AB5EE-D141-4E37-A61F-0433491D5DE3}.Release|Any CPU.ActiveCfg = Release|Any CPU
		{5C6AB5EE-D141-4E37-A61F-0433491D5DE3}.Release|Any CPU.Build.0 = Release|Any CPU
		{38BF700D-B314-435D-AC2F-1123366EF35D}.Debug|Any CPU.ActiveCfg = Debug|Any CPU
		{38BF700D-B314-435D-AC2F-1123366EF35D}.Debug|Any CPU.Build.0 = Debug|Any CPU
		{38BF700D-B314-435D-AC2F-1123366EF35D}.Release|Any CPU.ActiveCfg = Release|Any CPU
		{38BF700D-B314-435D-AC2F-1123366EF35D}.Release|Any CPU.Build.0 = Release|Any CPU
		{3826419C-652D-46EF-9221-EEFAB3BC6E48}.Debug|Any CPU.ActiveCfg = Debug|Any CPU
		{3826419C-652D-46EF-9221-EEFAB3BC6E48}.Debug|Any CPU.Build.0 = Debug|Any CPU
		{3826419C-652D-46EF-9221-EEFAB3BC6E48}.Release|Any CPU.ActiveCfg = Release|Any CPU
		{3826419C-652D-46EF-9221-EEFAB3BC6E48}.Release|Any CPU.Build.0 = Release|Any CPU
		{EE544CF2-2F23-4E1E-930A-6F2DCEC368A3}.Debug|Any CPU.ActiveCfg = Debug|Any CPU
		{EE544CF2-2F23-4E1E-930A-6F2DCEC368A3}.Debug|Any CPU.Build.0 = Debug|Any CPU
		{EE544CF2-2F23-4E1E-930A-6F2DCEC368A3}.Release|Any CPU.ActiveCfg = Release|Any CPU
		{EE544CF2-2F23-4E1E-930A-6F2DCEC368A3}.Release|Any CPU.Build.0 = Release|Any CPU
		{81058F1F-4F59-43E7-BA58-CABDF7BA2BA7}.Debug|Any CPU.ActiveCfg = Debug|Any CPU
		{81058F1F-4F59-43E7-BA58-CABDF7BA2BA7}.Debug|Any CPU.Build.0 = Debug|Any CPU
		{81058F1F-4F59-43E7-BA58-CABDF7BA2BA7}.Release|Any CPU.ActiveCfg = Release|Any CPU
		{81058F1F-4F59-43E7-BA58-CABDF7BA2BA7}.Release|Any CPU.Build.0 = Release|Any CPU
		{6B248B88-038A-41BD-9680-931552DD2450}.Debug|Any CPU.ActiveCfg = Debug|Any CPU
		{6B248B88-038A-41BD-9680-931552DD2450}.Debug|Any CPU.Build.0 = Debug|Any CPU
		{6B248B88-038A-41BD-9680-931552DD2450}.Release|Any CPU.ActiveCfg = Release|Any CPU
		{6B248B88-038A-41BD-9680-931552DD2450}.Release|Any CPU.Build.0 = Release|Any CPU
		{C64260A8-2583-45EB-B51C-6761912D48D3}.Debug|Any CPU.ActiveCfg = Debug|Any CPU
		{C64260A8-2583-45EB-B51C-6761912D48D3}.Debug|Any CPU.Build.0 = Debug|Any CPU
		{C64260A8-2583-45EB-B51C-6761912D48D3}.Release|Any CPU.ActiveCfg = Release|Any CPU
		{C64260A8-2583-45EB-B51C-6761912D48D3}.Release|Any CPU.Build.0 = Release|Any CPU
	EndGlobalSection
	GlobalSection(SolutionProperties) = preSolution
		HideSolutionNode = FALSE
	EndGlobalSection
	GlobalSection(NestedProjects) = preSolution
		{6B311B6B-C618-42F7-9897-3BA2C9B8D1D4} = {3E411603-A264-453D-BF52-BFDFD20A351D}
		{0DECFD98-9962-4C53-B01F-AA6C466AE0B9} = {3E411603-A264-453D-BF52-BFDFD20A351D}
		{5C6AB5EE-D141-4E37-A61F-0433491D5DE3} = {3E411603-A264-453D-BF52-BFDFD20A351D}
		{38BF700D-B314-435D-AC2F-1123366EF35D} = {808CAA1F-F22A-4F78-9FC2-0EFD6DCD5768}
		{3826419C-652D-46EF-9221-EEFAB3BC6E48} = {808CAA1F-F22A-4F78-9FC2-0EFD6DCD5768}
		{EE544CF2-2F23-4E1E-930A-6F2DCEC368A3} = {808CAA1F-F22A-4F78-9FC2-0EFD6DCD5768}
		{81058F1F-4F59-43E7-BA58-CABDF7BA2BA7} = {94985B5A-50AE-4881-B70C-03FF25F0C35C}
		{6B248B88-038A-41BD-9680-931552DD2450} = {94985B5A-50AE-4881-B70C-03FF25F0C35C}
		{C64260A8-2583-45EB-B51C-6761912D48D3} = {94985B5A-50AE-4881-B70C-03FF25F0C35C}
	EndGlobalSection
EndGlobal
