
Microsoft Visual Studio Solution File, Format Version 12.00
# Visual Studio Version 17
VisualStudioVersion = 17.12.35521.163
MinimumVisualStudioVersion = 10.0.40219.1
Project("{FAE04EC0-301F-11D3-BF4B-00C04F79EFBC}") = "Tyuiu.SizikovSS.Sprint2.Task0.V23", "Tyuiu.SizikovSS.Sprint2.Task0.V23\Tyuiu.SizikovSS.Sprint2.Task0.V23.csproj", "{6B311B6B-C618-42F7-9897-3BA2C9B8D1D4}"
EndProject
Project("{FAE04EC0-301F-11D3-BF4B-00C04F79EFBC}") = "Tyuiu.SizikovSS.Sprint2.Task0.V23.Lib", "Tyuiu.SizikovSS.Sprint2.Task0.V23.Lib\Tyuiu.SizikovSS.Sprint2.Task0.V23.Lib.csproj", "{0DECFD98-9962-4C53-B01F-AA6C466AE0B9}"
EndProject
Project("{2150E333-8FDC-42A3-9474-1A3956D46DE8}") = "Task0", "Task0", "{3E411603-A264-453D-BF52-BFDFD20A351D}"
EndProject
Project("{FAE04EC0-301F-11D3-BF4B-00C04F79EFBC}") = "Tyuiu.SizikovSS.Sprint2.Task0.V23.Test", "Tyuiu.SizikovSS.Sprint2.Task0.V23.Test\Tyuiu.SizikovSS.Sprint2.Task0.V23.Test.csproj", "{5C6AB5EE-D141-4E37-A61F-0433491D5DE3}"
EndProject
Project("{2150E333-8FDC-42A3-9474-1A3956D46DE8}") = "Task1", "Task1", "{808CAA1F-F22A-4F78-9FC2-0EFD6DCD5768}"
EndProject
Project("{FAE04EC0-301F-11D3-BF4B-00C04F79EFBC}") = "Tyuiu.SizikovSS.Sprint2.Task1.V20", "Tyuiu.SizikovSS.Sprint2.Task1.V20\Tyuiu.SizikovSS.Sprint2.Task1.V20.csproj", "{38BF700D-B314-435D-AC2F-1123366EF35D}"
EndProject
Project("{FAE04EC0-301F-11D3-BF4B-00C04F79EFBC}") = "Tyuiu.SizikovSS.Sprint2.Task1.V20.Lib", "Tyuiu.SizikovSS.Sprint2.Task1.V20.Lib\Tyuiu.SizikovSS.Sprint2.Task1.V20.Lib.csproj", "{3826419C-652D-46EF-9221-EEFAB3BC6E48}"
EndProject
Project("{FAE04EC0-301F-11D3-BF4B-00C04F79EFBC}") = "Tyuiu.SizikovSS.Sprint2.Task1.V20.Test", "Tyuiu.SizikovSS.Sprint2.Task1.V20.Test\Tyuiu.SizikovSS.Sprint2.Task1.V20.Test.csproj", "{EE544CF2-2F23-4E1E-930A-6F2DCEC368A3}"
EndProject
Project("{2150E333-8FDC-42A3-9474-1A3956D46DE8}") = "Task2", "Task2", "{94985B5A-50AE-4881-B70C-03FF25F0C35C}"
EndProject
Project("{FAE04EC0-301F-11D3-BF4B-00C04F79EFBC}") = "Tyuiu.SizikovSS.Sprint2.Task2.V24", "Tyuiu.SizikovSS.Sprint2.Task2.V24\Tyuiu.SizikovSS.Sprint2.Task2.V24.csproj", "{81058F1F-4F59-43E7-BA58-CABDF7BA2BA7}"
EndProject
Project("{FAE04EC0-301F-11D3-BF4B-00C04F79EFBC}") = "Tyuiu.SizikovSS.Sprint2.Task2.V24.Lib", "Tyuiu.SizikovSS.Sprint2.Task2.V24.Lib\Tyuiu.SizikovSS.Sprint2.Task2.V24.Lib.csproj", "{6B248B88-038A-41BD-9680-931552DD2450}"
EndProject
Project("{FAE04EC0-301F-11D3-BF4B-00C04F79EFBC}") = "Tyuiu.SizikovSS.Sprint2.Task2.V24.Test", "Tyuiu.SizikovSS.Sprint2.Task2.V24.Test\Tyuiu.SizikovSS.Sprint2.Task2.V24.Test.csproj", "{C64260A8-2583-45EB-B51C-6761912D48D3}"
EndProject
Project("{2150E333-8FDC-42A3-9474-1A3956D46DE8}") = "Task3", "Task3", "{54952523-1B58-4840-8861-052245144F28}"
EndProject
Project("{FAE04EC0-301F-11D3-BF4B-00C04F79EFBC}") = "Tyuiu.SizikovSS.Sprint2.Task3.V27", "Tyuiu.SizikovSS.Sprint2.Task3.V27\Tyuiu.SizikovSS.Sprint2.Task3.V27.csproj", "{43CD03B6-DEF1-4104-AA06-73BC8FE930CE}"
EndProject
Project("{FAE04EC0-301F-11D3-BF4B-00C04F79EFBC}") = "Tyuiu.SizikovSS.Sprint2.Task3.V27.Lib", "Tyuiu.SizikovSS.Sprint2.Task3.V27.Lib\Tyuiu.SizikovSS.Sprint2.Task3.V27.Lib.csproj", "{04FB4692-6D26-45F0-BB16-BC26C5A6214D}"
EndProject
Project("{FAE04EC0-301F-11D3-BF4B-00C04F79EFBC}") = "Tyuiu.SizikovSS.Sprint2.Task3.V27.Test", "Tyuiu.SizikovSS.Sprint2.Task3.V27.Test\Tyuiu.SizikovSS.Sprint2.Task3.V27.Test.csproj", "{EABAE468-E50E-4A56-8AE8-A9A5D76ADB47}"
EndProject
Project("{2150E333-8FDC-42A3-9474-1A3956D46DE8}") = "Task4", "Task4", "{B519B89E-E812-4574-AB70-D3C513763452}"
EndProject
Project("{FAE04EC0-301F-11D3-BF4B-00C04F79EFBC}") = "Tyuiu.SizikovSS.Sprint2.Task4.V19", "Tyuiu.SizikovSS.Sprint2.Task4.V19\Tyuiu.SizikovSS.Sprint2.Task4.V19.csproj", "{95F8CC31-DE28-497F-AA09-D17C22198DDA}"
EndProject
Project("{FAE04EC0-301F-11D3-BF4B-00C04F79EFBC}") = "Tyuiu.SizikovSS.Sprint2.Task4.V19.Lib", "Tyuiu.SizikovSS.Sprint2.Task4.V19.Lib\Tyuiu.SizikovSS.Sprint2.Task4.V19.Lib.csproj", "{C6000894-EE44-4C16-B9A2-038ED2F891A3}"
EndProject
Project("{FAE04EC0-301F-11D3-BF4B-00C04F79EFBC}") = "Tyuiu.SizikovSS.Sprint2.Task4.V19.Test", "Tyuiu.SizikovSS.Sprint2.Task4.V19.Test\Tyuiu.SizikovSS.Sprint2.Task4.V19.Test.csproj", "{9D3FD1E1-60A4-4359-BDB6-5BABB3BF34CF}"
EndProject
Project("{2150E333-8FDC-42A3-9474-1A3956D46DE8}") = "Task5", "Task5", "{21B064DC-926A-4B38-9554-B0C289B91037}"
EndProject
Project("{FAE04EC0-301F-11D3-BF4B-00C04F79EFBC}") = "Tyuiu.SizikovSS.Sprint2.Task5.V12", "Tyuiu.SizikovSS.Sprint2.Task5.V12\Tyuiu.SizikovSS.Sprint2.Task5.V12.csproj", "{ED28A076-B6DA-4D12-9C37-A574991B7028}"
EndProject
Project("{FAE04EC0-301F-11D3-BF4B-00C04F79EFBC}") = "Tyuiu.SizikovSS.Sprint2.Task5.V12.Lib", "Tyuiu.SizikovSS.Sprint2.Task5.V12.Lib\Tyuiu.SizikovSS.Sprint2.Task5.V12.Lib.csproj", "{0974CB0B-9C01-4A96-B1AB-6D6084237CDB}"
EndProject
Project("{FAE04EC0-301F-11D3-BF4B-00C04F79EFBC}") = "Tyuiu.SizikovSS.Sprint2.Task5.V12.Test", "Tyuiu.SizikovSS.Sprint2.Task5.V12.Test\Tyuiu.SizikovSS.Sprint2.Task5.V12.Test.csproj", "{9CFA85D8-EC2A-4415-BF00-D8B25F500A52}"
EndProject
Global
	GlobalSection(SolutionConfigurationPlatforms) = preSolution
		Debug|Any CPU = Debug|Any CPU
		Release|Any CPU = Release|Any CPU
	EndGlobalSection
	GlobalSection(ProjectConfigurationPlatforms) = postSolution
		{6B311B6B-C618-42F7-9897-3BA2C9B8D1D4}.Debug|Any CPU.ActiveCfg = Debug|Any CPU
		{6B311B6B-C618-42F7-9897-3BA2C9B8D1D4}.Debug|Any CPU.Build.0 = Debug|Any CPU
		{6B311B6B-C618-42F7-9897-3BA2C9B8D1D4}.Release|Any CPU.ActiveCfg = Release|Any CPU
		{6B311B6B-C618-42F7-9897-3BA2C9B8D1D4}.Release|Any CPU.Build.0 = Release|Any CPU
		{0DECFD98-9962-4C53-B01F-AA6C466AE0B9}.Debug|Any CPU.ActiveCfg = Debug|Any CPU
		{0DECFD98-9962-4C53-B01F-AA6C466AE0B9}.Debug|Any CPU.Build.0 = Debug|Any CPU
		{0DECFD98-9962-4C53-B01F-AA6C466AE0B9}.Release|Any CPU.ActiveCfg = Release|Any CPU
		{0DECFD98-9962-4C53-B01F-AA6C466AE0B9}.Release|Any CPU.Build.0 = Release|Any CPU
		{5C6AB5EE-D141-4E37-A61F-0433491D5DE3}.Debug|Any CPU.ActiveCfg = Debug|Any CPU
		{5C6AB5EE-D141-4E37-A61F-0433491D5DE3}.Debug|Any CPU.Build.0 = Debug|Any CPU
		{5C6AB5EE-D141-4E37-A61F-0433491D5DE3}.Release|Any CPU.ActiveCfg = Release|Any CPU
		{5C6AB5EE-D141-4E37-A61F-0433491D5DE3}.Release|Any CPU.Build.0 = Release|Any CPU
		{38BF700D-B314-435D-AC2F-1123366EF35D}.Debug|Any CPU.ActiveCfg = Debug|Any CPU
		{38BF700D-B314-435D-AC2F-1123366EF35D}.Debug|Any CPU.Build.0 = Debug|Any CPU
		{38BF700D-B314-435D-AC2F-1123366EF35D}.Release|Any CPU.ActiveCfg = Release|Any CPU
		{38BF700D-B314-435D-AC2F-1123366EF35D}.Release|Any CPU.Build.0 = Release|Any CPU
		{3826419C-652D-46EF-9221-EEFAB3BC6E48}.Debug|Any CPU.ActiveCfg = Debug|Any CPU
		{3826419C-652D-46EF-9221-EEFAB3BC6E48}.Debug|Any CPU.Build.0 = Debug|Any CPU
		{3826419C-652D-46EF-9221-EEFAB3BC6E48}.Release|Any CPU.ActiveCfg = Release|Any CPU
		{3826419C-652D-46EF-9221-EEFAB3BC6E48}.Release|Any CPU.Build.0 = Release|Any CPU
		{EE544CF2-2F23-4E1E-930A-6F2DCEC368A3}.Debug|Any CPU.ActiveCfg = Debug|Any CPU
		{EE544CF2-2F23-4E1E-930A-6F2DCEC368A3}.Debug|Any CPU.Build.0 = Debug|Any CPU
		{EE544CF2-2F23-4E1E-930A-6F2DCEC368A3}.Release|Any CPU.ActiveCfg = Release|Any CPU
		{EE544CF2-2F23-4E1E-930A-6F2DCEC368A3}.Release|Any CPU.Build.0 = Release|Any CPU
		{81058F1F-4F59-43E7-BA58-CABDF7BA2BA7}.Debug|Any CPU.ActiveCfg = Debug|Any CPU
		{81058F1F-4F59-43E7-BA58-CABDF7BA2BA7}.Debug|Any CPU.Build.0 = Debug|Any CPU
		{81058F1F-4F59-43E7-BA58-CABDF7BA2BA7}.Release|Any CPU.ActiveCfg = Release|Any CPU
		{81058F1F-4F59-43E7-BA58-CABDF7BA2BA7}.Release|Any CPU.Build.0 = Release|Any CPU
		{6B248B88-038A-41BD-9680-931552DD2450}.Debug|Any CPU.ActiveCfg = Debug|Any CPU
		{6B248B88-038A-41BD-9680-931552DD2450}.Debug|Any CPU.Build.0 = Debug|Any CPU
		{6B248B88-038A-41BD-9680-931552DD2450}.Release|Any CPU.ActiveCfg = Release|Any CPU
		{6B248B88-038A-41BD-9680-931552DD2450}.Release|Any CPU.Build.0 = Release|Any CPU
		{C64260A8-2583-45EB-B51C-6761912D48D3}.Debug|Any CPU.ActiveCfg = Debug|Any CPU
		{C64260A8-2583-45EB-B51C-6761912D48D3}.Debug|Any CPU.Build.0 = Debug|Any CPU
		{C64260A8-2583-45EB-B51C-6761912D48D3}.Release|Any CPU.ActiveCfg = Release|Any CPU
		{C64260A8-2583-45EB-B51C-6761912D48D3}.Release|Any CPU.Build.0 = Release|Any CPU
		{43CD03B6-DEF1-4104-AA06-73BC8FE930CE}.Debug|Any CPU.ActiveCfg = Debug|Any CPU
		{43CD03B6-DEF1-4104-AA06-73BC8FE930CE}.Debug|Any CPU.Build.0 = Debug|Any CPU
		{43CD03B6-DEF1-4104-AA06-73BC8FE930CE}.Release|Any CPU.ActiveCfg = Release|Any CPU
		{43CD03B6-DEF1-4104-AA06-73BC8FE930CE}.Release|Any CPU.Build.0 = Release|Any CPU
		{04FB4692-6D26-45F0-BB16-BC26C5A6214D}.Debug|Any CPU.ActiveCfg = Debug|Any CPU
		{04FB4692-6D26-45F0-BB16-BC26C5A6214D}.Debug|Any CPU.Build.0 = Debug|Any CPU
		{04FB4692-6D26-45F0-BB16-BC26C5A6214D}.Release|Any CPU.ActiveCfg = Release|Any CPU
		{04FB4692-6D26-45F0-BB16-BC26C5A6214D}.Release|Any CPU.Build.0 = Release|Any CPU
		{EABAE468-E50E-4A56-8AE8-A9A5D76ADB47}.Debug|Any CPU.ActiveCfg = Debug|Any CPU
		{EABAE468-E50E-4A56-8AE8-A9A5D76ADB47}.Debug|Any CPU.Build.0 = Debug|Any CPU
		{EABAE468-E50E-4A56-8AE8-A9A5D76ADB47}.Release|Any CPU.ActiveCfg = Release|Any CPU
		{EABAE468-E50E-4A56-8AE8-A9A5D76ADB47}.Release|Any CPU.Build.0 = Release|Any CPU
		{95F8CC31-DE28-497F-AA09-D17C22198DDA}.Debug|Any CPU.ActiveCfg = Debug|Any CPU
		{95F8CC31-DE28-497F-AA09-D17C22198DDA}.Debug|Any CPU.Build.0 = Debug|Any CPU
		{95F8CC31-DE28-497F-AA09-D17C22198DDA}.Release|Any CPU.ActiveCfg = Release|Any CPU
		{95F8CC31-DE28-497F-AA09-D17C22198DDA}.Release|Any CPU.Build.0 = Release|Any CPU
		{C6000894-EE44-4C16-B9A2-038ED2F891A3}.Debug|Any CPU.ActiveCfg = Debug|Any CPU
		{C6000894-EE44-4C16-B9A2-038ED2F891A3}.Debug|Any CPU.Build.0 = Debug|Any CPU
		{C6000894-EE44-4C16-B9A2-038ED2F891A3}.Release|Any CPU.ActiveCfg = Release|Any CPU
		{C6000894-EE44-4C16-B9A2-038ED2F891A3}.Release|Any CPU.Build.0 = Release|Any CPU
		{9D3FD1E1-60A4-4359-BDB6-5BABB3BF34CF}.Debug|Any CPU.ActiveCfg = Debug|Any CPU
		{9D3FD1E1-60A4-4359-BDB6-5BABB3BF34CF}.Debug|Any CPU.Build.0 = Debug|Any CPU
		{9D3FD1E1-60A4-4359-BDB6-5BABB3BF34CF}.Release|Any CPU.ActiveCfg = Release|Any CPU
		{9D3FD1E1-60A4-4359-BDB6-5BABB3BF34CF}.Release|Any CPU.Build.0 = Release|Any CPU
		{ED28A076-B6DA-4D12-9C37-A574991B7028}.Debug|Any CPU.ActiveCfg = Debug|Any CPU
		{ED28A076-B6DA-4D12-9C37-A574991B7028}.Debug|Any CPU.Build.0 = Debug|Any CPU
		{ED28A076-B6DA-4D12-9C37-A574991B7028}.Release|Any CPU.ActiveCfg = Release|Any CPU
		{ED28A076-B6DA-4D12-9C37-A574991B7028}.Release|Any CPU.Build.0 = Release|Any CPU
		{0974CB0B-9C01-4A96-B1AB-6D6084237CDB}.Debug|Any CPU.ActiveCfg = Debug|Any CPU
		{0974CB0B-9C01-4A96-B1AB-6D6084237CDB}.Debug|Any CPU.Build.0 = Debug|Any CPU
		{0974CB0B-9C01-4A96-B1AB-6D6084237CDB}.Release|Any CPU.ActiveCfg = Release|Any CPU
		{0974CB0B-9C01-4A96-B1AB-6D6084237CDB}.Release|Any CPU.Build.0 = Release|Any CPU
		{9CFA85D8-EC2A-4415-BF00-D8B25F500A52}.Debug|Any CPU.ActiveCfg = Debug|Any CPU
		{9CFA85D8-EC2A-4415-BF00-D8B25F500A52}.Debug|Any CPU.Build.0 = Debug|Any CPU
		{9CFA85D8-EC2A-4415-BF00-D8B25F500A52}.Release|Any CPU.ActiveCfg = Release|Any CPU
		{9CFA85D8-EC2A-4415-BF00-D8B25F500A52}.Release|Any CPU.Build.0 = Release|Any CPU
	EndGlobalSection
	GlobalSection(SolutionProperties) = preSolution
		HideSolutionNode = FALSE
	EndGlobalSection
	GlobalSection(NestedProjects) = preSolution
		{6B311B6B-C618-42F7-9897-3BA2C9B8D1D4} = {3E411603-A264-453D-BF52-BFDFD20A351D}
		{0DECFD98-9962-4C53-B01F-AA6C466AE0B9} = {3E411603-A264-453D-BF52-BFDFD20A351D}
		{5C6AB5EE-D141-4E37-A61F-0433491D5DE3} = {3E411603-A264-453D-BF52-BFDFD20A351D}
		{38BF700D-B314-435D-AC2F-1123366EF35D} = {808CAA1F-F22A-4F78-9FC2-0EFD6DCD5768}
		{3826419C-652D-46EF-9221-EEFAB3BC6E48} = {808CAA1F-F22A-4F78-9FC2-0EFD6DCD5768}
		{EE544CF2-2F23-4E1E-930A-6F2DCEC368A3} = {808CAA1F-F22A-4F78-9FC2-0EFD6DCD5768}
		{81058F1F-4F59-43E7-BA58-CABDF7BA2BA7} = {94985B5A-50AE-4881-B70C-03FF25F0C35C}
		{6B248B88-038A-41BD-9680-931552DD2450} = {94985B5A-50AE-4881-B70C-03FF25F0C35C}
		{C64260A8-2583-45EB-B51C-6761912D48D3} = {94985B5A-50AE-4881-B70C-03FF25F0C35C}
		{43CD03B6-DEF1-4104-AA06-73BC8FE930CE} = {54952523-1B58-4840-8861-052245144F28}
		{04FB4692-6D26-45F0-BB16-BC26C5A6214D} = {54952523-1B58-4840-8861-052245144F28}
		{EABAE468-E50E-4A56-8AE8-A9A5D76ADB47} = {54952523-1B58-4840-8861-052245144F28}
		{95F8CC31-DE28-497F-AA09-D17C22198DDA} = {B519B89E-E812-4574-AB70-D3C513763452}
		{C6000894-EE44-4C16-B9A2-038ED2F891A3} = {B519B89E-E812-4574-AB70-D3C513763452}
		{9D3FD1E1-60A4-4359-BDB6-5BABB3BF34CF} = {B519B89E-E812-4574-AB70-D3C513763452}
		{ED28A076-B6DA-4D12-9C37-A574991B7028} = {21B064DC-926A-4B38-9554-B0C289B91037}
		{0974CB0B-9C01-4A96-B1AB-6D6084237CDB} = {21B064DC-926A-4B38-9554-B0C289B91037}
		{9CFA85D8-EC2A-4415-BF00-D8B25F500A52} = {21B064DC-926A-4B38-9554-B0C289B91037}
	EndGlobalSection
EndGlobal
